
Microsoft Visual Studio Solution File, Format Version 12.00
# Visual Studio 15
VisualStudioVersion = 15.0.28307.489
MinimumVisualStudioVersion = 10.0.40219.1
Project("{2150E333-8FDC-42A3-9474-1A3956D46DE8}") = "ReferencedAssemblies", "ReferencedAssemblies", "{70CFEA9A-A5C5-47C1-B2B2-2274AC3D6EF8}"
	ProjectSection(SolutionItems) = preProject
		ReferencedAssemblies\Aqua.Security.dll = ReferencedAssemblies\Aqua.Security.dll
		ReferencedAssemblies\Infragistics.Silverlight.DataVisualization.Controls.v9.2.dll = ReferencedAssemblies\Infragistics.Silverlight.DataVisualization.Controls.v9.2.dll
		ReferencedAssemblies\Infragistics.Silverlight.DataVisualization.Timeline.v9.2.dll = ReferencedAssemblies\Infragistics.Silverlight.DataVisualization.Timeline.v9.2.dll
		ReferencedAssemblies\Infragistics.Silverlight.DataVisualization.v9.2.dll = ReferencedAssemblies\Infragistics.Silverlight.DataVisualization.v9.2.dll
		ReferencedAssemblies\Infragistics.Windows.TilePanel.dll = ReferencedAssemblies\Infragistics.Windows.TilePanel.dll
		ReferencedAssemblies\Infragistics3.Wpf.Chart.v9.1.Design.dll = ReferencedAssemblies\Infragistics3.Wpf.Chart.v9.1.Design.dll
		ReferencedAssemblies\Infragistics3.Wpf.Chart.v9.1.dll = ReferencedAssemblies\Infragistics3.Wpf.Chart.v9.1.dll
		ReferencedAssemblies\Infragistics3.Wpf.DataPresenter.v9.1.Design.dll = ReferencedAssemblies\Infragistics3.Wpf.DataPresenter.v9.1.Design.dll
		ReferencedAssemblies\Infragistics3.Wpf.DataPresenter.v9.1.dll = ReferencedAssemblies\Infragistics3.Wpf.DataPresenter.v9.1.dll
		ReferencedAssemblies\Infragistics3.Wpf.Editors.v9.1.Design.dll = ReferencedAssemblies\Infragistics3.Wpf.Editors.v9.1.Design.dll
		ReferencedAssemblies\Infragistics3.Wpf.Editors.v9.1.dll = ReferencedAssemblies\Infragistics3.Wpf.Editors.v9.1.dll
		ReferencedAssemblies\Infragistics3.Wpf.v9.1.Design.dll = ReferencedAssemblies\Infragistics3.Wpf.v9.1.Design.dll
		ReferencedAssemblies\Infragistics3.Wpf.v9.1.dll = ReferencedAssemblies\Infragistics3.Wpf.v9.1.dll
		ReferencedAssemblies\Microsoft.LiveFX.Client.dll = ReferencedAssemblies\Microsoft.LiveFX.Client.dll
		ReferencedAssemblies\Microsoft.LiveFX.ResourceModel.dll = ReferencedAssemblies\Microsoft.LiveFX.ResourceModel.dll
		ReferencedAssemblies\Microsoft.Practices.ObjectBuilder2.dll = ReferencedAssemblies\Microsoft.Practices.ObjectBuilder2.dll
		ReferencedAssemblies\Microsoft.Practices.Unity.Configuration.dll = ReferencedAssemblies\Microsoft.Practices.Unity.Configuration.dll
		ReferencedAssemblies\Microsoft.Practices.Unity.dll = ReferencedAssemblies\Microsoft.Practices.Unity.dll
		ReferencedAssemblies\Microsoft.Web.dll = ReferencedAssemblies\Microsoft.Web.dll
		ReferencedAssemblies\StorageClient.dll = ReferencedAssemblies\StorageClient.dll
		ReferencedAssemblies\WPFToolkit.dll = ReferencedAssemblies\WPFToolkit.dll
		ReferencedAssemblies\WPFToolkit.VisualStudio.Design.dll = ReferencedAssemblies\WPFToolkit.VisualStudio.Design.dll
	EndProjectSection
EndProject
Project("{FAE04EC0-301F-11D3-BF4B-00C04F79EFBC}") = "Aqua", "Aqua\Aqua.csproj", "{C2503635-4F84-479B-A659-2BC41BEA2189}"
EndProject
Project("{FAE04EC0-301F-11D3-BF4B-00C04F79EFBC}") = "Model", "Model\Model.csproj", "{BF8AA430-CFEB-40DE-8410-EC0FE420F200}"
EndProject
Project("{FAE04EC0-301F-11D3-BF4B-00C04F79EFBC}") = "Aqua.DataClient", "Aqua.DataClient\Aqua.DataClient.csproj", "{1CB6FEBE-621E-43C2-893B-38D294C19B61}"
EndProject
Project("{FAE04EC0-301F-11D3-BF4B-00C04F79EFBC}") = "Aqua.DataServices", "Aqua.DataServices\Aqua.DataServices.csproj", "{D449B453-0F56-42C7-9E08-6A20D346F461}"
EndProject
Project("{FAE04EC0-301F-11D3-BF4B-00C04F79EFBC}") = "Aqua.DataCommon", "Aqua.Data\Aqua.DataCommon.csproj", "{B9CF2BBF-FECF-494F-AC00-D954B308F31C}"
EndProject
Global
	GlobalSection(SolutionConfigurationPlatforms) = preSolution
		Debug|Any CPU = Debug|Any CPU
		Release|Any CPU = Release|Any CPU
	EndGlobalSection
	GlobalSection(ProjectConfigurationPlatforms) = postSolution
		{C2503635-4F84-479B-A659-2BC41BEA2189}.Debug|Any CPU.ActiveCfg = Debug|Any CPU
		{C2503635-4F84-479B-A659-2BC41BEA2189}.Debug|Any CPU.Build.0 = Debug|Any CPU
		{C2503635-4F84-479B-A659-2BC41BEA2189}.Release|Any CPU.ActiveCfg = Release|Any CPU
		{C2503635-4F84-479B-A659-2BC41BEA2189}.Release|Any CPU.Build.0 = Release|Any CPU
		{BF8AA430-CFEB-40DE-8410-EC0FE420F200}.Debug|Any CPU.ActiveCfg = Debug|Any CPU
		{BF8AA430-CFEB-40DE-8410-EC0FE420F200}.Debug|Any CPU.Build.0 = Debug|Any CPU
		{BF8AA430-CFEB-40DE-8410-EC0FE420F200}.Release|Any CPU.ActiveCfg = Release|Any CPU
		{BF8AA430-CFEB-40DE-8410-EC0FE420F200}.Release|Any CPU.Build.0 = Release|Any CPU
		{1CB6FEBE-621E-43C2-893B-38D294C19B61}.Debug|Any CPU.ActiveCfg = Debug|Any CPU
		{1CB6FEBE-621E-43C2-893B-38D294C19B61}.Debug|Any CPU.Build.0 = Debug|Any CPU
		{1CB6FEBE-621E-43C2-893B-38D294C19B61}.Release|Any CPU.ActiveCfg = Release|Any CPU
		{1CB6FEBE-621E-43C2-893B-38D294C19B61}.Release|Any CPU.Build.0 = Release|Any CPU
		{D449B453-0F56-42C7-9E08-6A20D346F461}.Debug|Any CPU.ActiveCfg = Debug|Any CPU
		{D449B453-0F56-42C7-9E08-6A20D346F461}.Debug|Any CPU.Build.0 = Debug|Any CPU
		{D449B453-0F56-42C7-9E08-6A20D346F461}.Release|Any CPU.ActiveCfg = Release|Any CPU
		{D449B453-0F56-42C7-9E08-6A20D346F461}.Release|Any CPU.Build.0 = Release|Any CPU
		{B9CF2BBF-FECF-494F-AC00-D954B308F31C}.Debug|Any CPU.ActiveCfg = Debug|Any CPU
		{B9CF2BBF-FECF-494F-AC00-D954B308F31C}.Debug|Any CPU.Build.0 = Debug|Any CPU
		{B9CF2BBF-FECF-494F-AC00-D954B308F31C}.Release|Any CPU.ActiveCfg = Release|Any CPU
		{B9CF2BBF-FECF-494F-AC00-D954B308F31C}.Release|Any CPU.Build.0 = Release|Any CPU
	EndGlobalSection
	GlobalSection(SolutionProperties) = preSolution
		HideSolutionNode = FALSE
	EndGlobalSection
	GlobalSection(ExtensibilityGlobals) = postSolution
		SolutionGuid = {2BC6E305-7679-4DD9-AB3C-05D9CF61BEC1}
	EndGlobalSection
EndGlobal
