
Microsoft Visual Studio Solution File, Format Version 10.00
# Visual Studio 2008
Project("{FAE04EC0-301F-11D3-BF4B-00C04F79EFBC}") = "Aqua", "Aqua\Aqua.csproj", "{C2503635-4F84-479B-A659-2BC41BEA2189}"
EndProject
Project("{FAE04EC0-301F-11D3-BF4B-00C04F79EFBC}") = "Model", "Model\Model.csproj", "{BF8AA430-CFEB-40DE-8410-EC0FE420F200}"
EndProject
Project("{2150E333-8FDC-42A3-9474-1A3956D46DE8}") = "ReferencedAssemblies", "ReferencedAssemblies", "{70CFEA9A-A5C5-47C1-B2B2-2274AC3D6EF8}"
	ProjectSection(SolutionItems) = preProject
		ReferencedAssemblies\Aqua.Security.dll = ReferencedAssemblies\Aqua.Security.dll
		ReferencedAssemblies\Infragistics.Silverlight.DataVisualization.Controls.v9.2.dll = ReferencedAssemblies\Infragistics.Silverlight.DataVisualization.Controls.v9.2.dll
		ReferencedAssemblies\Infragistics.Silverlight.DataVisualization.Timeline.v9.2.dll = ReferencedAssemblies\Infragistics.Silverlight.DataVisualization.Timeline.v9.2.dll
		ReferencedAssemblies\Infragistics.Silverlight.DataVisualization.v9.2.dll = ReferencedAssemblies\Infragistics.Silverlight.DataVisualization.v9.2.dll
		ReferencedAssemblies\Infragistics.Windows.TilePanel.dll = ReferencedAssemblies\Infragistics.Windows.TilePanel.dll
		ReferencedAssemblies\Infragistics3.Wpf.Chart.v9.1.Design.dll = ReferencedAssemblies\Infragistics3.Wpf.Chart.v9.1.Design.dll
		ReferencedAssemblies\Infragistics3.Wpf.Chart.v9.1.dll = ReferencedAssemblies\Infragistics3.Wpf.Chart.v9.1.dll
		ReferencedAssemblies\Infragistics3.Wpf.DataPresenter.v9.1.Design.dll = ReferencedAssemblies\Infragistics3.Wpf.DataPresenter.v9.1.Design.dll
		ReferencedAssemblies\Infragistics3.Wpf.DataPresenter.v9.1.dll = ReferencedAssemblies\Infragistics3.Wpf.DataPresenter.v9.1.dll
		ReferencedAssemblies\Infragistics3.Wpf.Editors.v9.1.Design.dll = ReferencedAssemblies\Infragistics3.Wpf.Editors.v9.1.Design.dll
		ReferencedAssemblies\Infragistics3.Wpf.Editors.v9.1.dll = ReferencedAssemblies\Infragistics3.Wpf.Editors.v9.1.dll
		ReferencedAssemblies\Infragistics3.Wpf.v9.1.Design.dll = ReferencedAssemblies\Infragistics3.Wpf.v9.1.Design.dll
		ReferencedAssemblies\Infragistics3.Wpf.v9.1.dll = ReferencedAssemblies\Infragistics3.Wpf.v9.1.dll
		ReferencedAssemblies\Microsoft.LiveFX.Client.dll = ReferencedAssemblies\Microsoft.LiveFX.Client.dll
		ReferencedAssemblies\Microsoft.LiveFX.ResourceModel.dll = ReferencedAssemblies\Microsoft.LiveFX.ResourceModel.dll
		ReferencedAssemblies\Microsoft.Practices.ObjectBuilder2.dll = ReferencedAssemblies\Microsoft.Practices.ObjectBuilder2.dll
		ReferencedAssemblies\Microsoft.Practices.Unity.Configuration.dll = ReferencedAssemblies\Microsoft.Practices.Unity.Configuration.dll
		ReferencedAssemblies\Microsoft.Practices.Unity.dll = ReferencedAssemblies\Microsoft.Practices.Unity.dll
		ReferencedAssemblies\Microsoft.Web.dll = ReferencedAssemblies\Microsoft.Web.dll
		ReferencedAssemblies\StorageClient.dll = ReferencedAssemblies\StorageClient.dll
		ReferencedAssemblies\WPFToolkit.dll = ReferencedAssemblies\WPFToolkit.dll
		ReferencedAssemblies\WPFToolkit.VisualStudio.Design.dll = ReferencedAssemblies\WPFToolkit.VisualStudio.Design.dll
	EndProjectSection
EndProject
Project("{FAE04EC0-301F-11D3-BF4B-00C04F79EFBC}") = "Aqua.DataClient", "Aqua.DataClient\Aqua.DataClient.csproj", "{1CB6FEBE-621E-43C2-893B-38D294C19B61}"
EndProject
Project("{FAE04EC0-301F-11D3-BF4B-00C04F79EFBC}") = "Aqua.DataServices", "Aqua.DataServices\Aqua.DataServices.csproj", "{D449B453-0F56-42C7-9E08-6A20D346F461}"
EndProject
Project("{FAE04EC0-301F-11D3-BF4B-00C04F79EFBC}") = "Aqua.DataCommon", "Aqua.Data\Aqua.DataCommon.csproj", "{B9CF2BBF-FECF-494F-AC00-D954B308F31C}"
EndProject
Global
	GlobalSection(SolutionConfigurationPlatforms) = preSolution
		Debug|Any CPU = Debug|Any CPU
		Release|Any CPU = Release|Any CPU
	EndGlobalSection
	GlobalSection(ProjectConfigurationPlatforms) = postSolution
		{C2503635-4F84-479B-A659-2BC41BEA2189}.Debug|Any CPU.ActiveCfg = Debug|Any CPU
		{C2503635-4F84-479B-A659-2BC41BEA2189}.Debug|Any CPU.Build.0 = Debug|Any CPU
		{C2503635-4F84-479B-A659-2BC41BEA2189}.Release|Any CPU.ActiveCfg = Release|Any CPU
		{C2503635-4F84-479B-A659-2BC41BEA2189}.Release|Any CPU.Build.0 = Release|Any CPU
		{BF8AA430-CFEB-40DE-8410-EC0FE420F200}.Debug|Any CPU.ActiveCfg = Debug|Any CPU
		{BF8AA430-CFEB-40DE-8410-EC0FE420F200}.Debug|Any CPU.Build.0 = Debug|Any CPU
		{BF8AA430-CFEB-40DE-8410-EC0FE420F200}.Release|Any CPU.ActiveCfg = Release|Any CPU
		{BF8AA430-CFEB-40DE-8410-EC0FE420F200}.Release|Any CPU.Build.0 = Release|Any CPU
		{1CB6FEBE-621E-43C2-893B-38D294C19B61}.Debug|Any CPU.ActiveCfg = Debug|Any CPU
		{1CB6FEBE-621E-43C2-893B-38D294C19B61}.Debug|Any CPU.Build.0 = Debug|Any CPU
		{1CB6FEBE-621E-43C2-893B-38D294C19B61}.Release|Any CPU.ActiveCfg = Release|Any CPU
		{1CB6FEBE-621E-43C2-893B-38D294C19B61}.Release|Any CPU.Build.0 = Release|Any CPU
		{D449B453-0F56-42C7-9E08-6A20D346F461}.Debug|Any CPU.ActiveCfg = Debug|Any CPU
		{D449B453-0F56-42C7-9E08-6A20D346F461}.Debug|Any CPU.Build.0 = Debug|Any CPU
		{D449B453-0F56-42C7-9E08-6A20D346F461}.Release|Any CPU.ActiveCfg = Release|Any CPU
		{D449B453-0F56-42C7-9E08-6A20D346F461}.Release|Any CPU.Build.0 = Release|Any CPU
		{B9CF2BBF-FECF-494F-AC00-D954B308F31C}.Debug|Any CPU.ActiveCfg = Debug|Any CPU
		{B9CF2BBF-FECF-494F-AC00-D954B308F31C}.Debug|Any CPU.Build.0 = Debug|Any CPU
		{B9CF2BBF-FECF-494F-AC00-D954B308F31C}.Release|Any CPU.ActiveCfg = Release|Any CPU
		{B9CF2BBF-FECF-494F-AC00-D954B308F31C}.Release|Any CPU.Build.0 = Release|Any CPU
	EndGlobalSection
	GlobalSection(SolutionProperties) = preSolution
		HideSolutionNode = FALSE
	EndGlobalSection
	GlobalSection(TeamFoundationVersionControl) = preSolution
		SccNumberOfProjects = 8
		SccEnterpriseProvider = {4CA58AB2-18FA-4F8D-95D4-32DDF27D184C}
		SccTeamFoundationServer = http://tfs.infragistics.local:8080/
		SccLocalPath0 = .
		SccProjectUniqueName1 = TilePanel\\TilePanel.csproj
		SccProjectName1 = TilePanel
		SccLocalPath1 = TilePanel
		SccProjectUniqueName2 = Aqua\\Aqua.csproj
		SccProjectName2 = Aqua
		SccLocalPath2 = Aqua
		SccProjectUniqueName3 = Model\\Model.csproj
		SccProjectName3 = Model
		SccLocalPath3 = Model
		SccProjectUniqueName4 = Aqua.DataClient\\Aqua.DataClient.csproj
		SccProjectName4 = Aqua.DataClient
		SccLocalPath4 = Aqua.DataClient
		SccProjectUniqueName5 = Aqua.DataServices\\Aqua.DataServices.csproj
		SccProjectName5 = Aqua.DataServices
		SccLocalPath5 = Aqua.DataServices
		SccProjectUniqueName6 = Aqua.Security\\Aqua.Security.csproj
		SccProjectName6 = Aqua.Security
		SccLocalPath6 = Aqua.Security
		SccProjectUniqueName7 = Aqua.Data\\Aqua.DataCommon.csproj
		SccProjectName7 = Aqua.Data
		SccLocalPath7 = Aqua.Data
	EndGlobalSection
EndGlobal
